{
  "nodes": {
    "comma": {
      "flake": false,
      "locked": {
        "lastModified": 1588170489,
        "narHash": "sha256-IT7zlcM1Oh4sWeCJ1m4NkteuajPxTnNo1tbitG0eqlg=",
        "owner": "Shopify",
        "repo": "comma",
        "rev": "4a62ec17e20ce0e738a8e5126b4298a73903b468",
        "type": "github"
      },
      "original": {
        "owner": "Shopify",
        "repo": "comma",
        "type": "github"
      }
    },
    "flake-compat": {
      "flake": false,
      "locked": {
        "lastModified": 1606424373,
        "narHash": "sha256-oq8d4//CJOrVj+EcOaSXvMebvuTkmBJuT5tzlfewUnQ=",
        "owner": "edolstra",
        "repo": "flake-compat",
        "rev": "99f1c2157fba4bfe6211a321fd0ee43199025dbf",
        "type": "github"
      },
      "original": {
        "owner": "edolstra",
        "repo": "flake-compat",
        "type": "github"
      }
    },
    "home-manager": {
      "inputs": {
        "nixpkgs": "nixpkgs"
      },
      "locked": {
        "lastModified": 1629598480,
        "narHash": "sha256-d07nc5Kf2MMKKVe47iIrBT+14/65g2nhEn+Z4PKjFmk=",
        "owner": "nix-community",
        "repo": "home-manager",
        "rev": "f6d1cad6ba228b81bf7045f1124aa99dfdcf3daa",
        "type": "github"
      },
      "original": {
        "owner": "nix-community",
        "repo": "home-manager",
        "type": "github"
      }
    },
    "nix-matlab": {
      "inputs": {
        "flake-compat": "flake-compat",
        "nixpkgs": "nixpkgs_2"
      },
      "locked": {
        "lastModified": 1631113459,
        "narHash": "sha256-TItRS4PO6fF/vKC43VWAqJ5KpJD77tK84eG5YNoj53M=",
        "owner": "doronbehar",
        "repo": "nix-matlab",
        "rev": "6b0c99d1913b2e37b1a4a1d0b82fa87c6ab95445",
        "type": "gitlab"
      },
      "original": {
        "owner": "doronbehar",
        "repo": "nix-matlab",
        "type": "gitlab"
      }
    },
    "nixos-hardware": {
      "locked": {
        "lastModified": 1629534145,
        "narHash": "sha256-AiP7DwjntfEySVXVPjbS+iQZ3jJ8UQKRyjCj7Bu4Di4=",
        "owner": "NixOS",
        "repo": "nixos-hardware",
        "rev": "d2d9a58a5c03ea15b401c186508c171c07f9c4f1",
        "type": "github"
      },
      "original": {
        "owner": "NixOS",
        "ref": "master",
        "repo": "nixos-hardware",
        "type": "github"
      }
    },
    "nixpkgs": {
      "locked": {
        "lastModified": 1629650925,
        "narHash": "sha256-AvZXrk3Vdrbhl6NSlGrqFHj098x73FI9KOYVg8NEigk=",
        "owner": "NixOS",
        "repo": "nixpkgs",
        "rev": "a5b5e8794e346c5e2636938e720da155f59eeb24",
        "type": "github"
      },
      "original": {
        "id": "nixpkgs",
        "type": "indirect"
      }
    },
    "nixpkgs_2": {
      "locked": {
        "lastModified": 1626412499,
        "narHash": "sha256-X73graSPsqjylNEwWscUnZHna8CDF9kjDvB4SEKidTI=",
        "owner": "NixOS",
        "repo": "nixpkgs",
        "rev": "91ffffd90404331e0af54fa3fb8063f2f849a321",
        "type": "github"
      },
      "original": {
        "id": "nixpkgs",
        "type": "indirect"
      }
    },
    "nixpkgs_3": {
      "locked": {
        "lastModified": 1634515797,
        "narHash": "sha256-elgCUC2khtBkOSpE4gDymNvthTZAI4hGI2iNu3YEUkA=",
        "owner": "NixOS",
        "repo": "nixpkgs",
        "rev": "5f0194220f2402b06f7f79bba6351895facb5acb",
        "type": "github"
      },
      "original": {
        "owner": "NixOS",
        "ref": "nixos-unstable",
        "repo": "nixpkgs",
        "type": "github"
      }
    },
    "root": {
      "inputs": {
        "comma": "comma",
        "home-manager": "home-manager",
        "nix-matlab": "nix-matlab",
        "nixos-hardware": "nixos-hardware",
        "nixpkgs": "nixpkgs_3"
      }
    }
  },
  "root": "root",
  "version": 7
}
